
Microsoft Visual Studio Solution File, Format Version 12.00
# Visual Studio Version 16
VisualStudioVersion = 16.0.28803.352
MinimumVisualStudioVersion = 10.0.40219.1
Project("{FAE04EC0-301F-11D3-BF4B-00C04F79EFBC}") = "ManyMethods", "ManyMethods\ManyMethods.csproj", "{AD50CE16-2411-44F1-B6E4-73FDEA4EC2FD}"
EndProject
Project("{FAE04EC0-301F-11D3-BF4B-00C04F79EFBC}") = "PigLatin", "..\PigLatin\PigLatin.csproj", "{66F9F0D1-0D07-466A-B5D8-9C51977FD006}"
EndProject
Project("{FAE04EC0-301F-11D3-BF4B-00C04F79EFBC}") = "Rock Paper Scissors", "Rock Paper Scissors\Rock Paper Scissors.csproj", "{1A8DD6B8-338B-4127-8C4A-46CFED010E20}"
EndProject
Global
	GlobalSection(SolutionConfigurationPlatforms) = preSolution
		Debug|Any CPU = Debug|Any CPU
		Release|Any CPU = Release|Any CPU
	EndGlobalSection
	GlobalSection(ProjectConfigurationPlatforms) = postSolution
		{AD50CE16-2411-44F1-B6E4-73FDEA4EC2FD}.Debug|Any CPU.ActiveCfg = Debug|Any CPU
		{AD50CE16-2411-44F1-B6E4-73FDEA4EC2FD}.Debug|Any CPU.Build.0 = Debug|Any CPU
		{AD50CE16-2411-44F1-B6E4-73FDEA4EC2FD}.Release|Any CPU.ActiveCfg = Release|Any CPU
		{AD50CE16-2411-44F1-B6E4-73FDEA4EC2FD}.Release|Any CPU.Build.0 = Release|Any CPU
		{66F9F0D1-0D07-466A-B5D8-9C51977FD006}.Debug|Any CPU.ActiveCfg = Debug|Any CPU
		{66F9F0D1-0D07-466A-B5D8-9C51977FD006}.Debug|Any CPU.Build.0 = Debug|Any CPU
		{66F9F0D1-0D07-466A-B5D8-9C51977FD006}.Release|Any CPU.ActiveCfg = Release|Any CPU
		{66F9F0D1-0D07-466A-B5D8-9C51977FD006}.Release|Any CPU.Build.0 = Release|Any CPU
		{1A8DD6B8-338B-4127-8C4A-46CFED010E20}.Debug|Any CPU.ActiveCfg = Debug|Any CPU
		{1A8DD6B8-338B-4127-8C4A-46CFED010E20}.Debug|Any CPU.Build.0 = Debug|Any CPU
		{1A8DD6B8-338B-4127-8C4A-46CFED010E20}.Release|Any CPU.ActiveCfg = Release|Any CPU
		{1A8DD6B8-338B-4127-8C4A-46CFED010E20}.Release|Any CPU.Build.0 = Release|Any CPU
	EndGlobalSection
	GlobalSection(SolutionProperties) = preSolution
		HideSolutionNode = FALSE
	EndGlobalSection
	GlobalSection(ExtensibilityGlobals) = postSolution
		SolutionGuid = {011E88B7-EA48-40B6-B598-B4D9020202AD}
	EndGlobalSection
EndGlobal
